
Microsoft Visual Studio Solution File, Format Version 12.00
# Visual Studio Version 16
VisualStudioVersion = 16.0.29519.87
MinimumVisualStudioVersion = 10.0.40219.1
Project("{9A19103F-16F7-4668-BE54-9A1E7A4F7556}") = "Dziedziczenie", "Dziedziczenie\Dziedziczenie.csproj", "{27EC5307-4930-4821-9DD6-58D6D181A300}"
EndProject
Project("{9A19103F-16F7-4668-BE54-9A1E7A4F7556}") = "Dziedziczenie22", "Dziedziczenie22\Dziedziczenie22.csproj", "{00668A89-5BE2-4522-A6B9-9BF34EFCEEDB}"
EndProject
Project("{FAE04EC0-301F-11D3-BF4B-00C04F79EFBC}") = "pr000000", "pr00000\pr000000\pr000000.csproj", "{0668805E-6A71-4341-87A3-50A50BDEF0C3}"
EndProject
Project("{FAE04EC0-301F-11D3-BF4B-00C04F79EFBC}") = "MG54402", "MG54402\MG54402.csproj", "{5399315B-B254-4305-AC2A-7A1AB7693558}"
EndProject
Global
	GlobalSection(SolutionConfigurationPlatforms) = preSolution
		Debug|Any CPU = Debug|Any CPU
		Release|Any CPU = Release|Any CPU
	EndGlobalSection
	GlobalSection(ProjectConfigurationPlatforms) = postSolution
		{27EC5307-4930-4821-9DD6-58D6D181A300}.Debug|Any CPU.ActiveCfg = Debug|Any CPU
		{27EC5307-4930-4821-9DD6-58D6D181A300}.Debug|Any CPU.Build.0 = Debug|Any CPU
		{27EC5307-4930-4821-9DD6-58D6D181A300}.Release|Any CPU.ActiveCfg = Release|Any CPU
		{27EC5307-4930-4821-9DD6-58D6D181A300}.Release|Any CPU.Build.0 = Release|Any CPU
		{00668A89-5BE2-4522-A6B9-9BF34EFCEEDB}.Debug|Any CPU.ActiveCfg = Debug|Any CPU
		{00668A89-5BE2-4522-A6B9-9BF34EFCEEDB}.Debug|Any CPU.Build.0 = Debug|Any CPU
		{00668A89-5BE2-4522-A6B9-9BF34EFCEEDB}.Release|Any CPU.ActiveCfg = Release|Any CPU
		{00668A89-5BE2-4522-A6B9-9BF34EFCEEDB}.Release|Any CPU.Build.0 = Release|Any CPU
		{0668805E-6A71-4341-87A3-50A50BDEF0C3}.Debug|Any CPU.ActiveCfg = Debug|Any CPU
		{0668805E-6A71-4341-87A3-50A50BDEF0C3}.Debug|Any CPU.Build.0 = Debug|Any CPU
		{0668805E-6A71-4341-87A3-50A50BDEF0C3}.Release|Any CPU.ActiveCfg = Release|Any CPU
		{0668805E-6A71-4341-87A3-50A50BDEF0C3}.Release|Any CPU.Build.0 = Release|Any CPU
		{5399315B-B254-4305-AC2A-7A1AB7693558}.Debug|Any CPU.ActiveCfg = Debug|Any CPU
		{5399315B-B254-4305-AC2A-7A1AB7693558}.Debug|Any CPU.Build.0 = Debug|Any CPU
		{5399315B-B254-4305-AC2A-7A1AB7693558}.Release|Any CPU.ActiveCfg = Release|Any CPU
		{5399315B-B254-4305-AC2A-7A1AB7693558}.Release|Any CPU.Build.0 = Release|Any CPU
	EndGlobalSection
	GlobalSection(SolutionProperties) = preSolution
		HideSolutionNode = FALSE
	EndGlobalSection
	GlobalSection(ExtensibilityGlobals) = postSolution
		SolutionGuid = {47AEA613-710B-4B86-9A7C-257F0DE92A90}
	EndGlobalSection
EndGlobal
